{
  "name": "pixelcrew",
  "version": "0.2.4",
  "lockfileVersion": 3,
  "requires": true,
  "packages": {
    "": {
      "name": "pixelcrew",
      "version": "0.2.4",
      "license": "Apache-2.0",
      "bin": {
        "pixelcrew": "bin/pixel-agents.js",
        "pixel-crew": "bin/pixel-agents.js",
        "pixel-agents": "bin/pixel-agents.js"
      },
      "devDependencies": {},
      "engines": {
        "node": ">=18.0.0"
      }
    }
  }
}
